{
  "lockfileVersion": 1,
  "workspaces": {
    "": {
      "name": "opencode-ui-electron",
      "dependencies": {
        "@opencode-ai/sdk": "^0.15.28",
      },
    },
  },
  "packages": {
    "@opencode-ai/sdk": ["@opencode-ai/sdk@0.15.28", "", {}, "sha512-bWIlfUOboyNC+5wdDnJq9gpM0vCepWWeQw2oOf4GWjtQopqaYz5231gX4qAOlHRFWflFGFbjMdnaktF9il/i7A=="],
  }
}
