{
  "lockfileVersion": 1,
  "workspaces": {
    "": {
      "name": "opencode-ui-electron",
      "dependencies": {
        "@opencode-ai/sdk": "^1.0.7",
      },
    },
  },
  "packages": {
    "@opencode-ai/sdk": ["@opencode-ai/sdk@1.0.7", "", {}, "sha512-AWOO7rUdUexIp3Cp3V03q+eN737QxOquUHDTI2W0U/WadyVe0GChuCzxfVuOgMSf4zujoFYvoYi6GL2OZReePQ=="],
  }
}
