{
  "lockfileVersion": 1,
  "workspaces": {
    "": {
      "name": "opencode-ui-electron",
      "dependencies": {
        "@opencode-ai/sdk": "^0.15.20",
      },
    },
  },
  "packages": {
    "@opencode-ai/sdk": ["@opencode-ai/sdk@0.15.20", "", {}, "sha512-nS/MKk1ZTL0CP3qOg3VkwSUgsULrCayK4K59Ah0RdpNofkxfqmIf23mQxIBkzlhC9r7ZfiesKFyHharhlZoHRg=="],
  }
}
