{
  "lockfileVersion": 1,
  "workspaces": {
    "": {
      "name": "opencode-ui-electron",
      "dependencies": {
        "@opencode-ai/sdk": "^0.15.18",
      },
    },
  },
  "packages": {
    "@opencode-ai/sdk": ["@opencode-ai/sdk@0.15.18", "", {}, "sha512-zijPra2D0kGqB5ftK1rVeaooNRs0dY+sWYuWyqyGNCb8OcCqjtGHQiOyz3xZ0fDGF0VYd6fhr92qX0PhXoeLVQ=="],
  }
}
